
Microsoft Visual Studio Solution File, Format Version 12.00
# Visual Studio Version 16
VisualStudioVersion = 16.0.29911.84
MinimumVisualStudioVersion = 10.0.40219.1
Project("{FAE04EC0-301F-11D3-BF4B-00C04F79EFBC}") = "ShoppingCart", "ShoppingCart\ShoppingCart.csproj", "{2279955D-A952-456F-B460-05A15626477D}"
EndProject
Global
	GlobalSection(SolutionConfigurationPlatforms) = preSolution
		Debug|Any CPU = Debug|Any CPU
		Release|Any CPU = Release|Any CPU
	EndGlobalSection
	GlobalSection(ProjectConfigurationPlatforms) = postSolution
		{2279955D-A952-456F-B460-05A15626477D}.Debug|Any CPU.ActiveCfg = Debug|Any CPU
		{2279955D-A952-456F-B460-05A15626477D}.Debug|Any CPU.Build.0 = Debug|Any CPU
		{2279955D-A952-456F-B460-05A15626477D}.Release|Any CPU.ActiveCfg = Release|Any CPU
		{2279955D-A952-456F-B460-05A15626477D}.Release|Any CPU.Build.0 = Release|Any CPU
	EndGlobalSection
	GlobalSection(SolutionProperties) = preSolution
		HideSolutionNode = FALSE
	EndGlobalSection
	GlobalSection(ExtensibilityGlobals) = postSolution
		SolutionGuid = {E9661EF8-3A0B-42F0-9479-AA1BAF3B0B11}
	EndGlobalSection
EndGlobal
